{
  "name": "websocket-server",
  "version": "1.0.0",
  "lockfileVersion": 2,
  "requires": true,
  "packages": {
    "": {
      "name": "websocket-server",
      "version": "1.0.0",
      "license": "ISC",
      "dependencies": {
        "gstreamer-superficial": "^1.7.4"
      }
    },
    "node_modules/gstreamer-superficial": {
      "version": "1.7.4",
      "resolved": "https://registry.npmjs.org/gstreamer-superficial/-/gstreamer-superficial-1.7.4.tgz",
      "integrity": "sha512-7A25Xs1Q2U1nUqVfupoJjzTZAic0XF9aPcQeltEIPE14NB6Ep3BmiOVm+LuGe2b91H1b0sQBw9OwdCsZQGHHZw==",
      "hasInstallScript": true,
      "dependencies": {
        "nan": "^2.15.0"
      },
      "engines": {
        "node": ">= 5.9.1"
      }
    },
    "node_modules/nan": {
      "version": "2.15.0",
      "resolved": "https://registry.npmjs.org/nan/-/nan-2.15.0.tgz",
      "integrity": "sha512-8ZtvEnA2c5aYCZYd1cvgdnU6cqwixRoYg70xPLWUws5ORTa/lnw+u4amixRS/Ac5U5mQVgp9pnlSUnbNWFaWZQ=="
    }
  },
  "dependencies": {
    "gstreamer-superficial": {
      "version": "1.7.4",
      "resolved": "https://registry.npmjs.org/gstreamer-superficial/-/gstreamer-superficial-1.7.4.tgz",
      "integrity": "sha512-7A25Xs1Q2U1nUqVfupoJjzTZAic0XF9aPcQeltEIPE14NB6Ep3BmiOVm+LuGe2b91H1b0sQBw9OwdCsZQGHHZw==",
      "requires": {
        "nan": "^2.15.0"
      }
    },
    "nan": {
      "version": "2.15.0",
      "resolved": "https://registry.npmjs.org/nan/-/nan-2.15.0.tgz",
      "integrity": "sha512-8ZtvEnA2c5aYCZYd1cvgdnU6cqwixRoYg70xPLWUws5ORTa/lnw+u4amixRS/Ac5U5mQVgp9pnlSUnbNWFaWZQ=="
    }
  }
}
